<?xml version="1.0" encoding="utf-8"?>
<Project ToolsVersion="4.0" xmlns="http://schemas.microsoft.com/developer/msbuild/2003">
  <ItemGroup>
    <None Include="packages.config" />
  </ItemGroup>
  <ItemGroup>
    <ClInclude Include="lrmath.hpp" />
    <ClInclude Include="lrmath\lrmath_utility.hpp">
      <Filter>lrmath</Filter>
    </ClInclude>
    <ClInclude Include="lrmath\TransformMixer.hpp">
      <Filter>lrmath</Filter>
    </ClInclude>
    <ClInclude Include="drawing.hpp" />
    <ClInclude Include="drawing\drawing_utility.hpp">
      <Filter>drawing</Filter>
    </ClInclude>
    <ClInclude Include="lrutility.hpp" />
    <ClInclude Include="drawing\GraphObj.hpp">
      <Filter>drawing</Filter>
    </ClInclude>
    <ClInclude Include="pipeline.hpp" />
    <ClInclude Include="drawing\vertices.hpp">
      <Filter>drawing</Filter>
    </ClInclude>
    <ClInclude Include="drawing\viewport.hpp">
      <Filter>drawing</Filter>
    </ClInclude>
    <ClInclude Include="drawing\color.hpp">
      <Filter>drawing</Filter>
    </ClInclude>
    <ClInclude Include="pipeline\pipeline_utility.hpp">
      <Filter>pipeline</Filter>
    </ClInclude>
    <ClInclude Include="Samples\texture.hpp">
      <Filter>Samples</Filter>
    </ClInclude>
    <ClInclude Include="lightroom.hpp" />
    <ClInclude Include="easyx\graphics.h">
      <Filter>easyx</Filter>
    </ClInclude>
    <ClInclude Include="easyx\easyx.h">
      <Filter>easyx</Filter>
    </ClInclude>
    <ClInclude Include="Samples\colored_vertex.hpp">
      <Filter>Samples</Filter>
    </ClInclude>
  </ItemGroup>
  <ItemGroup>
    <Filter Include="lrmath">
      <UniqueIdentifier>{5fb51e99-4a00-4b96-8d14-b36abf01a969}</UniqueIdentifier>
    </Filter>
    <Filter Include="drawing">
      <UniqueIdentifier>{fe8ec151-ad69-4cc8-843e-e34c15ffe89d}</UniqueIdentifier>
    </Filter>
    <Filter Include="pipeline">
      <UniqueIdentifier>{876c385f-7f13-44e6-906a-515d6e962c27}</UniqueIdentifier>
    </Filter>
    <Filter Include="Samples">
      <UniqueIdentifier>{e57a9412-da40-45a6-b875-762e7285c0d2}</UniqueIdentifier>
    </Filter>
    <Filter Include="easyx">
      <UniqueIdentifier>{bfa41b4d-c9a5-45bd-8a09-d5e5fa13594b}</UniqueIdentifier>
    </Filter>
  </ItemGroup>
  <ItemGroup>
    <ClCompile Include="lrmath\Homogeneous.hpp">
      <Filter>lrmath</Filter>
    </ClCompile>
    <ClCompile Include="main.cpp" />
    <ClCompile Include="Samples\input_type.hpp">
      <Filter>Samples</Filter>
    </ClCompile>
  </ItemGroup>
</Project>